
Microsoft Visual Studio Solution File, Format Version 12.00
# Visual Studio Version 16
VisualStudioVersion = 16.0.31321.278
MinimumVisualStudioVersion = 10.0.40219.1
Project("{FAE04EC0-301F-11D3-BF4B-00C04F79EFBC}") = "Soap", "SOAP\Soap.csproj", "{DCCB3438-7439-4A5F-829B-4D90FC3588DF}"
EndProject
Project("{FAE04EC0-301F-11D3-BF4B-00C04F79EFBC}") = "WsClient", "WsClient\WsClient.csproj", "{50F40307-C687-4BC7-8103-AEC47B64DCC9}"
	ProjectSection(ProjectDependencies) = postProject
		{DCCB3438-7439-4A5F-829B-4D90FC3588DF} = {DCCB3438-7439-4A5F-829B-4D90FC3588DF}
	EndProjectSection
EndProject
Global
	GlobalSection(SolutionConfigurationPlatforms) = preSolution
		Debug|Any CPU = Debug|Any CPU
		Release|Any CPU = Release|Any CPU
	EndGlobalSection
	GlobalSection(ProjectConfigurationPlatforms) = postSolution
		{DCCB3438-7439-4A5F-829B-4D90FC3588DF}.Debug|Any CPU.ActiveCfg = Debug|Any CPU
		{DCCB3438-7439-4A5F-829B-4D90FC3588DF}.Debug|Any CPU.Build.0 = Debug|Any CPU
		{DCCB3438-7439-4A5F-829B-4D90FC3588DF}.Release|Any CPU.ActiveCfg = Release|Any CPU
		{DCCB3438-7439-4A5F-829B-4D90FC3588DF}.Release|Any CPU.Build.0 = Release|Any CPU
		{50F40307-C687-4BC7-8103-AEC47B64DCC9}.Debug|Any CPU.ActiveCfg = Debug|Any CPU
		{50F40307-C687-4BC7-8103-AEC47B64DCC9}.Debug|Any CPU.Build.0 = Debug|Any CPU
		{50F40307-C687-4BC7-8103-AEC47B64DCC9}.Release|Any CPU.ActiveCfg = Release|Any CPU
		{50F40307-C687-4BC7-8103-AEC47B64DCC9}.Release|Any CPU.Build.0 = Release|Any CPU
	EndGlobalSection
	GlobalSection(SolutionProperties) = preSolution
		HideSolutionNode = FALSE
	EndGlobalSection
	GlobalSection(ExtensibilityGlobals) = postSolution
		SolutionGuid = {68D1C8E2-8430-4BE7-B853-91B92A211240}
	EndGlobalSection
EndGlobal
